
Microsoft Visual Studio Solution File, Format Version 11.00
# Visual Studio 2010
Project("{8BC9CEB8-8B4A-11D0-8D11-00A0C91BC942}") = "VmDetector", "VmDetector\VmDetector.vcxproj", "{437329FA-C549-47ED-BFF5-D772CFB29CB6}"
EndProject
Project("{8BC9CEB8-8B4A-11D0-8D11-00A0C91BC942}") = "UnitTest", "UnitTest\test.vcxproj", "{E1F23BCD-13FE-445F-B2F4-85EF93A3E44B}"
	ProjectSection(ProjectDependencies) = postProject
		{437329FA-C549-47ED-BFF5-D772CFB29CB6} = {437329FA-C549-47ED-BFF5-D772CFB29CB6}
	EndProjectSection
EndProject
Project("{8BC9CEB8-8B4A-11D0-8D11-00A0C91BC942}") = "AntiSandbox", "AntiSandbox\AntiSandbox.vcxproj", "{D3EE9021-7BDE-4830-BD93-8AAB6F63B8CA}"
EndProject
Global
	GlobalSection(SolutionConfigurationPlatforms) = preSolution
		Debug|Win32 = Debug|Win32
		Release|Win32 = Release|Win32
	EndGlobalSection
	GlobalSection(ProjectConfigurationPlatforms) = postSolution
		{437329FA-C549-47ED-BFF5-D772CFB29CB6}.Debug|Win32.ActiveCfg = Debug|Win32
		{437329FA-C549-47ED-BFF5-D772CFB29CB6}.Debug|Win32.Build.0 = Debug|Win32
		{437329FA-C549-47ED-BFF5-D772CFB29CB6}.Release|Win32.ActiveCfg = Release|Win32
		{437329FA-C549-47ED-BFF5-D772CFB29CB6}.Release|Win32.Build.0 = Release|Win32
		{E1F23BCD-13FE-445F-B2F4-85EF93A3E44B}.Debug|Win32.ActiveCfg = Debug|Win32
		{E1F23BCD-13FE-445F-B2F4-85EF93A3E44B}.Debug|Win32.Build.0 = Debug|Win32
		{E1F23BCD-13FE-445F-B2F4-85EF93A3E44B}.Release|Win32.ActiveCfg = Release|Win32
		{E1F23BCD-13FE-445F-B2F4-85EF93A3E44B}.Release|Win32.Build.0 = Release|Win32
		{D3EE9021-7BDE-4830-BD93-8AAB6F63B8CA}.Debug|Win32.ActiveCfg = Debug|Win32
		{D3EE9021-7BDE-4830-BD93-8AAB6F63B8CA}.Debug|Win32.Build.0 = Debug|Win32
		{D3EE9021-7BDE-4830-BD93-8AAB6F63B8CA}.Release|Win32.ActiveCfg = Release|Win32
		{D3EE9021-7BDE-4830-BD93-8AAB6F63B8CA}.Release|Win32.Build.0 = Release|Win32
	EndGlobalSection
	GlobalSection(SolutionProperties) = preSolution
		HideSolutionNode = FALSE
	EndGlobalSection
EndGlobal
